<?xml version="1.0" encoding="utf-8"?>
<Project ToolsVersion="4.0" xmlns="http://schemas.microsoft.com/developer/msbuild/2003">
  <ItemGroup>
    <Filter Include="Source Files">
      <UniqueIdentifier>{7c36c147-8cf4-476b-9250-eee5809cfadf}</UniqueIdentifier>
      <Extensions>cpp;c;cxx;rc;def;r;odl;idl;hpj;bat</Extensions>
    </Filter>
    <Filter Include="Header Files">
      <UniqueIdentifier>{150bf58a-6277-421c-b2c2-098e55d32ba4}</UniqueIdentifier>
      <Extensions>h;hpp;hxx;hm;inl</Extensions>
    </Filter>
    <Filter Include="Resource Files">
      <UniqueIdentifier>{2ff825dc-ffff-4d8d-923f-c9ec8e690767}</UniqueIdentifier>
      <Extensions>ico;cur;bmp;dlg;rc2;rct;bin;rgs;gif;jpg;jpeg;jpe</Extensions>
    </Filter>
  </ItemGroup>
  <ItemGroup>
    <ClCompile Include="1CHelper.cpp">
      <Filter>Source Files</Filter>
    </ClCompile>
    <ClCompile Include="Barcode.cpp">
      <Filter>Source Files</Filter>
    </ClCompile>
    <ClCompile Include="BarcodeEdit.cpp">
      <Filter>Source Files</Filter>
    </ClCompile>
    <ClCompile Include="CashDoc.cpp">
      <Filter>Source Files</Filter>
    </ClCompile>
    <ClCompile Include="CashPrinter.cpp">
      <Filter>Source Files</Filter>
    </ClCompile>
    <ClCompile Include="CategoryTree.cpp">
      <Filter>Source Files</Filter>
    </ClCompile>
    <ClCompile Include="CheckButton.cpp">
      <Filter>Source Files</Filter>
    </ClCompile>
    <ClCompile Include="CheckDoc.cpp">
      <Filter>Source Files</Filter>
    </ClCompile>
    <ClCompile Include="cmercury.cpp">
      <Filter>Source Files</Filter>
    </ClCompile>
    <ClCompile Include="ComPortDlg.cpp">
      <Filter>Source Files</Filter>
    </ClCompile>
    <ClCompile Include="DBDoc.cpp">
      <Filter>Source Files</Filter>
    </ClCompile>
    <ClCompile Include="DialogView.cpp">
      <Filter>Source Files</Filter>
    </ClCompile>
    <ClCompile Include="DictGoodsFrame.cpp">
      <Filter>Source Files</Filter>
    </ClCompile>
    <ClCompile Include="DlgEnterCash.cpp">
      <Filter>Source Files</Filter>
    </ClCompile>
    <ClCompile Include="DlgFindAll.cpp">
      <Filter>Source Files</Filter>
    </ClCompile>
    <ClCompile Include="DlgInsert.cpp">
      <Filter>Source Files</Filter>
    </ClCompile>
    <ClCompile Include="DlgLogin.cpp">
      <Filter>Source Files</Filter>
    </ClCompile>
    <ClCompile Include="DlgManageKKM.cpp">
      <Filter>Source Files</Filter>
    </ClCompile>
    <ClCompile Include="DlgMultQty.cpp">
      <Filter>Source Files</Filter>
    </ClCompile>
    <ClCompile Include="DlgSelDate.cpp">
      <Filter>Source Files</Filter>
    </ClCompile>
    <ClCompile Include="DlgSelectGood.cpp">
      <Filter>Source Files</Filter>
    </ClCompile>
    <ClCompile Include="DlgSetPeriod.cpp">
      <Filter>Source Files</Filter>
    </ClCompile>
    <ClCompile Include="DlgSetQuantity.cpp">
      <Filter>Source Files</Filter>
    </ClCompile>
    <ClCompile Include="drvfr.cpp">
      <Filter>Source Files</Filter>
    </ClCompile>
    <ClCompile Include="dtpicker.cpp">
      <Filter>Source Files</Filter>
    </ClCompile>
    <ClCompile Include="ExplorerDlg.cpp">
      <Filter>Source Files</Filter>
    </ClCompile>
    <ClCompile Include="FileDialog2K.cpp">
      <Filter>Source Files</Filter>
    </ClCompile>
    <ClCompile Include="FindEdit.cpp">
      <Filter>Source Files</Filter>
    </ClCompile>
    <ClCompile Include="FindView.cpp">
      <Filter>Source Files</Filter>
    </ClCompile>
    <ClCompile Include="FirstStepPage.cpp">
      <Filter>Source Files</Filter>
    </ClCompile>
    <ClCompile Include="FolderFrame.cpp">
      <Filter>Source Files</Filter>
    </ClCompile>
    <ClCompile Include="font.cpp">
      <Filter>Source Files</Filter>
    </ClCompile>
    <ClCompile Include="FontCombo.cpp">
      <Filter>Source Files</Filter>
    </ClCompile>
    <ClCompile Include="FontToolBar.cpp">
      <Filter>Source Files</Filter>
    </ClCompile>
    <ClCompile Include="Ftab.cpp">
      <Filter>Source Files</Filter>
    </ClCompile>
    <ClCompile Include="GoodsGrid.cpp">
      <Filter>Source Files</Filter>
    </ClCompile>
    <ClCompile Include="InfoConsole.cpp">
      <Filter>Source Files</Filter>
    </ClCompile>
    <ClCompile Include="InfoFrame.cpp">
      <Filter>Source Files</Filter>
    </ClCompile>
    <ClCompile Include="Label.cpp">
      <Filter>Source Files</Filter>
    </ClCompile>
    <ClCompile Include="MainChildFrame.cpp">
      <Filter>Source Files</Filter>
    </ClCompile>
    <ClCompile Include="MainDocument.cpp">
      <Filter>Source Files</Filter>
    </ClCompile>
    <ClCompile Include="MainFrm.cpp">
      <Filter>Source Files</Filter>
    </ClCompile>
    <ClCompile Include="MDIChild.cpp">
      <Filter>Source Files</Filter>
    </ClCompile>
    <ClCompile Include="MDIClient.cpp">
      <Filter>Source Files</Filter>
    </ClCompile>
    <ClCompile Include="MultButton.cpp">
      <Filter>Source Files</Filter>
    </ClCompile>
    <ClCompile Include="MultiSplitterView.cpp">
      <Filter>Source Files</Filter>
    </ClCompile>
    <ClCompile Include="MyTabCtrl.cpp">
      <Filter>Source Files</Filter>
    </ClCompile>
    <ClCompile Include="NaklForm.cpp">
      <Filter>Source Files</Filter>
    </ClCompile>
    <ClCompile Include="NodeItem.cpp">
      <Filter>Source Files</Filter>
    </ClCompile>
    <ClCompile Include="NTree.cpp">
      <Filter>Source Files</Filter>
    </ClCompile>
    <ClCompile Include="picture.cpp">
      <Filter>Source Files</Filter>
    </ClCompile>
    <ClCompile Include="PopupMenu.cpp">
      <Filter>Source Files</Filter>
    </ClCompile>
    <ClCompile Include="PPLAPrinter.cpp">
      <Filter>Source Files</Filter>
    </ClCompile>
    <ClCompile Include="PSDlgInsertGood.cpp">
      <Filter>Source Files</Filter>
    </ClCompile>
    <ClCompile Include="PupText.cpp">
      <Filter>Source Files</Filter>
    </ClCompile>
    <ClCompile Include="ReciclingView.cpp">
      <Filter>Source Files</Filter>
    </ClCompile>
    <ClCompile Include="Register.cpp">
      <Filter>Source Files</Filter>
    </ClCompile>
    <ClCompile Include="ReportFrame.cpp">
      <Filter>Source Files</Filter>
    </ClCompile>
    <ClCompile Include="ReportView.cpp">
      <Filter>Source Files</Filter>
    </ClCompile>
    <ClCompile Include="ReturnDoc.cpp">
      <Filter>Source Files</Filter>
    </ClCompile>
    <ClCompile Include="ReturnView.cpp">
      <Filter>Source Files</Filter>
    </ClCompile>
    <ClCompile Include="SalaryDoc.cpp">
      <Filter>Source Files</Filter>
    </ClCompile>
    <ClCompile Include="SecondStepPage.cpp">
      <Filter>Source Files</Filter>
    </ClCompile>
    <ClCompile Include="Splash.cpp">
      <Filter>Source Files</Filter>
    </ClCompile>
    <ClCompile Include="StatLink.cpp">
      <Filter>Source Files</Filter>
    </ClCompile>
    <ClCompile Include="StdAfx.cpp">
      <Filter>Source Files</Filter>
    </ClCompile>
    <ClCompile Include="SuperTree.cpp">
      <Filter>Source Files</Filter>
    </ClCompile>
    <ClCompile Include="TableValue1.cpp">
      <Filter>Source Files</Filter>
    </ClCompile>
    <ClCompile Include="ThirdStepPage.cpp">
      <Filter>Source Files</Filter>
    </ClCompile>
    <ClCompile Include="TreeNode.cpp">
      <Filter>Source Files</Filter>
    </ClCompile>
    <ClCompile Include="UpFolderTabCtrl.cpp">
      <Filter>Source Files</Filter>
    </ClCompile>
    <ClCompile Include="UserThreads.cpp">
      <Filter>Source Files</Filter>
    </ClCompile>
    <ClCompile Include="UserThreadsView.cpp">
      <Filter>Source Files</Filter>
    </ClCompile>
    <ClCompile Include="ViewManager.cpp">
      <Filter>Source Files</Filter>
    </ClCompile>
    <ClCompile Include="vsflexdatasource.cpp">
      <Filter>Source Files</Filter>
    </ClCompile>
    <ClCompile Include="vsflexgrid.cpp">
      <Filter>Source Files</Filter>
    </ClCompile>
    <ClCompile Include="WindowTabCtrl.cpp">
      <Filter>Source Files</Filter>
    </ClCompile>
    <ClCompile Include="WntRetEdit.cpp">
      <Filter>Source Files</Filter>
    </ClCompile>
    <ClCompile Include="ZReportDoc.cpp">
      <Filter>Source Files</Filter>
    </ClCompile>
    <ClCompile Include="ZReportView.cpp">
      <Filter>Source Files</Filter>
    </ClCompile>
    <ClCompile Include="ZReportWizard.cpp">
      <Filter>Source Files</Filter>
    </ClCompile>
    <ClCompile Include="MessageBoxHelper.cpp">
      <Filter>Source Files</Filter>
    </ClCompile>
    <ClCompile Include="Repository.cpp">
      <Filter>Source Files</Filter>
    </ClCompile>
    <ClCompile Include="OutputWnd.cpp">
      <Filter>Source Files</Filter>
    </ClCompile>
    <ClCompile Include="MultButtonEx.cpp">
      <Filter>Source Files</Filter>
    </ClCompile>
    <ClCompile Include="WntRetComboBox.cpp">
      <Filter>Source Files</Filter>
    </ClCompile>
    <ClCompile Include="PointSettings.cpp">
      <Filter>Source Files</Filter>
    </ClCompile>
    <ClCompile Include="FontDlgPage.cpp">
      <Filter>Source Files</Filter>
    </ClCompile>
  </ItemGroup>
  <ItemGroup>
    <ResourceCompile Include="UserThreads.rc">
      <Filter>Source Files</Filter>
    </ResourceCompile>
  </ItemGroup>
  <ItemGroup>
    <ClInclude Include="1CHelper.h">
      <Filter>Header Files</Filter>
    </ClInclude>
    <ClInclude Include="Barcode.h">
      <Filter>Header Files</Filter>
    </ClInclude>
    <ClInclude Include="BarcodeEdit.h">
      <Filter>Header Files</Filter>
    </ClInclude>
    <ClInclude Include="BarCodeReader.h">
      <Filter>Header Files</Filter>
    </ClInclude>
    <ClInclude Include="CashDoc.h">
      <Filter>Header Files</Filter>
    </ClInclude>
    <ClInclude Include="CashPrinter.h">
      <Filter>Header Files</Filter>
    </ClInclude>
    <ClInclude Include="CategoryTree.h">
      <Filter>Header Files</Filter>
    </ClInclude>
    <ClInclude Include="CheckButton.h">
      <Filter>Header Files</Filter>
    </ClInclude>
    <ClInclude Include="CheckDoc.h">
      <Filter>Header Files</Filter>
    </ClInclude>
    <ClInclude Include="cmercury.h">
      <Filter>Header Files</Filter>
    </ClInclude>
    <ClInclude Include="ComPortDlg.h">
      <Filter>Header Files</Filter>
    </ClInclude>
    <ClInclude Include="DBDoc.h">
      <Filter>Header Files</Filter>
    </ClInclude>
    <ClInclude Include="DialogView.h">
      <Filter>Header Files</Filter>
    </ClInclude>
    <ClInclude Include="DictGoodsFrame.h">
      <Filter>Header Files</Filter>
    </ClInclude>
    <ClInclude Include="DlgEnterCash.h">
      <Filter>Header Files</Filter>
    </ClInclude>
    <ClInclude Include="DlgFindAll.h">
      <Filter>Header Files</Filter>
    </ClInclude>
    <ClInclude Include="DlgInsert.h">
      <Filter>Header Files</Filter>
    </ClInclude>
    <ClInclude Include="DlgLogin.h">
      <Filter>Header Files</Filter>
    </ClInclude>
    <ClInclude Include="DlgManageKKM.h">
      <Filter>Header Files</Filter>
    </ClInclude>
    <ClInclude Include="DlgMultQty.h">
      <Filter>Header Files</Filter>
    </ClInclude>
    <ClInclude Include="DlgSelDate.h">
      <Filter>Header Files</Filter>
    </ClInclude>
    <ClInclude Include="DlgSelectGood.h">
      <Filter>Header Files</Filter>
    </ClInclude>
    <ClInclude Include="DlgSetPeriod.h">
      <Filter>Header Files</Filter>
    </ClInclude>
    <ClInclude Include="DlgSetQuantity.h">
      <Filter>Header Files</Filter>
    </ClInclude>
    <ClInclude Include="drvfr.h">
      <Filter>Header Files</Filter>
    </ClInclude>
    <ClInclude Include="dtpicker.h">
      <Filter>Header Files</Filter>
    </ClInclude>
    <ClInclude Include="ExplorerDlg.h">
      <Filter>Header Files</Filter>
    </ClInclude>
    <ClInclude Include="FileDialog2K.h">
      <Filter>Header Files</Filter>
    </ClInclude>
    <ClInclude Include="FindEdit.h">
      <Filter>Header Files</Filter>
    </ClInclude>
    <ClInclude Include="FindView.h">
      <Filter>Header Files</Filter>
    </ClInclude>
    <ClInclude Include="FirstStepPage.h">
      <Filter>Header Files</Filter>
    </ClInclude>
    <ClInclude Include="FolderFrame.h">
      <Filter>Header Files</Filter>
    </ClInclude>
    <ClInclude Include="font.h">
      <Filter>Header Files</Filter>
    </ClInclude>
    <ClInclude Include="FontCombo.h">
      <Filter>Header Files</Filter>
    </ClInclude>
    <ClInclude Include="FontToolBar.h">
      <Filter>Header Files</Filter>
    </ClInclude>
    <ClInclude Include="Ftab.h">
      <Filter>Header Files</Filter>
    </ClInclude>
    <ClInclude Include="GoodsGrid.h">
      <Filter>Header Files</Filter>
    </ClInclude>
    <ClInclude Include="InfoConsole.h">
      <Filter>Header Files</Filter>
    </ClInclude>
    <ClInclude Include="InfoFrame.h">
      <Filter>Header Files</Filter>
    </ClInclude>
    <ClInclude Include="Label.h">
      <Filter>Header Files</Filter>
    </ClInclude>
    <ClInclude Include="LimitSingleInstance.h">
      <Filter>Header Files</Filter>
    </ClInclude>
    <ClInclude Include="MainChildFrame.h">
      <Filter>Header Files</Filter>
    </ClInclude>
    <ClInclude Include="MainDocument.h">
      <Filter>Header Files</Filter>
    </ClInclude>
    <ClInclude Include="MainFrm.h">
      <Filter>Header Files</Filter>
    </ClInclude>
    <ClInclude Include="MDIChild.h">
      <Filter>Header Files</Filter>
    </ClInclude>
    <ClInclude Include="MDIClient.h">
      <Filter>Header Files</Filter>
    </ClInclude>
    <ClInclude Include="MultButton.h">
      <Filter>Header Files</Filter>
    </ClInclude>
    <ClInclude Include="MultiSplitterView.h">
      <Filter>Header Files</Filter>
    </ClInclude>
    <ClInclude Include="MyTabCtrl.h">
      <Filter>Header Files</Filter>
    </ClInclude>
    <ClInclude Include="NaklForm.h">
      <Filter>Header Files</Filter>
    </ClInclude>
    <ClInclude Include="NodeItem.h">
      <Filter>Header Files</Filter>
    </ClInclude>
    <ClInclude Include="NTree.h">
      <Filter>Header Files</Filter>
    </ClInclude>
    <ClInclude Include="picture.h">
      <Filter>Header Files</Filter>
    </ClInclude>
    <ClInclude Include="PopupMenu.h">
      <Filter>Header Files</Filter>
    </ClInclude>
    <ClInclude Include="PPLAPrinter.h">
      <Filter>Header Files</Filter>
    </ClInclude>
    <ClInclude Include="PSDlgInsertGood.h">
      <Filter>Header Files</Filter>
    </ClInclude>
    <ClInclude Include="PupText.h">
      <Filter>Header Files</Filter>
    </ClInclude>
    <ClInclude Include="ReciclingView.h">
      <Filter>Header Files</Filter>
    </ClInclude>
    <ClInclude Include="Register.h">
      <Filter>Header Files</Filter>
    </ClInclude>
    <ClInclude Include="ReportFrame.h">
      <Filter>Header Files</Filter>
    </ClInclude>
    <ClInclude Include="ReportView.h">
      <Filter>Header Files</Filter>
    </ClInclude>
    <ClInclude Include="Resource.h">
      <Filter>Header Files</Filter>
    </ClInclude>
    <ClInclude Include="ReturnDoc.h">
      <Filter>Header Files</Filter>
    </ClInclude>
    <ClInclude Include="ReturnView.h">
      <Filter>Header Files</Filter>
    </ClInclude>
    <ClInclude Include="SalaryDoc.h">
      <Filter>Header Files</Filter>
    </ClInclude>
    <ClInclude Include="SecondStepPage.h">
      <Filter>Header Files</Filter>
    </ClInclude>
    <ClInclude Include="Splash.h">
      <Filter>Header Files</Filter>
    </ClInclude>
    <ClInclude Include="StatLink.h">
      <Filter>Header Files</Filter>
    </ClInclude>
    <ClInclude Include="StdAfx.h">
      <Filter>Header Files</Filter>
    </ClInclude>
    <ClInclude Include="SuperTree.h">
      <Filter>Header Files</Filter>
    </ClInclude>
    <ClInclude Include="TableValue1.h">
      <Filter>Header Files</Filter>
    </ClInclude>
    <ClInclude Include="ThirdStepPage.h">
      <Filter>Header Files</Filter>
    </ClInclude>
    <ClInclude Include="TreeNode.h">
      <Filter>Header Files</Filter>
    </ClInclude>
    <ClInclude Include="UpFolderTabCtrl.h">
      <Filter>Header Files</Filter>
    </ClInclude>
    <ClInclude Include="UserThreads.h">
      <Filter>Header Files</Filter>
    </ClInclude>
    <ClInclude Include="UserThreadsView.h">
      <Filter>Header Files</Filter>
    </ClInclude>
    <ClInclude Include="ViewManager.h">
      <Filter>Header Files</Filter>
    </ClInclude>
    <ClInclude Include="vsflexdatasource.h">
      <Filter>Header Files</Filter>
    </ClInclude>
    <ClInclude Include="vsflexgrid.h">
      <Filter>Header Files</Filter>
    </ClInclude>
    <ClInclude Include="WindowTabCtrl.h">
      <Filter>Header Files</Filter>
    </ClInclude>
    <ClInclude Include="WntRetEdit.h">
      <Filter>Header Files</Filter>
    </ClInclude>
    <ClInclude Include="ZReportDoc.h">
      <Filter>Header Files</Filter>
    </ClInclude>
    <ClInclude Include="ZReportView.h">
      <Filter>Header Files</Filter>
    </ClInclude>
    <ClInclude Include="ZReportWizard.h">
      <Filter>Header Files</Filter>
    </ClInclude>
    <ClInclude Include="SearchStrategy.h">
      <Filter>Header Files</Filter>
    </ClInclude>
    <ClInclude Include="BaseRepository.h">
      <Filter>Header Files</Filter>
    </ClInclude>
    <ClInclude Include="DbContext.h">
      <Filter>Header Files</Filter>
    </ClInclude>
    <ClInclude Include="Entity.h">
      <Filter>Header Files</Filter>
    </ClInclude>
    <ClInclude Include="MessageBoxHelper.h">
      <Filter>Header Files</Filter>
    </ClInclude>
    <ClInclude Include="Repository.h">
      <Filter>Header Files</Filter>
    </ClInclude>
    <ClInclude Include="NotyfyFndProduct.h">
      <Filter>Header Files</Filter>
    </ClInclude>
    <ClInclude Include="OutputWnd.h">
      <Filter>Header Files</Filter>
    </ClInclude>
    <ClInclude Include="MultButtonEx.h">
      <Filter>Header Files</Filter>
    </ClInclude>
    <ClInclude Include="WntRetComboBox.h">
      <Filter>Header Files</Filter>
    </ClInclude>
    <ClInclude Include="PointSettings.h">
      <Filter>Header Files</Filter>
    </ClInclude>
    <ClInclude Include="FontDlgPage.h">
      <Filter>Header Files</Filter>
    </ClInclude>
    <ClInclude Include="RestRegistry.h">
      <Filter>Header Files</Filter>
    </ClInclude>
  </ItemGroup>
  <ItemGroup>
    <None Include="res\ABORT.BMP">
      <Filter>Resource Files</Filter>
    </None>
    <None Include="res\AccountUsers.ico">
      <Filter>Resource Files</Filter>
    </None>
    <None Include="res\allbistrue.bmp">
      <Filter>Resource Files</Filter>
    </None>
    <None Include="BarCodeReader.rgs">
      <Filter>Resource Files</Filter>
    </None>
    <None Include="res\bitmap1.bmp">
      <Filter>Resource Files</Filter>
    </None>
    <None Include="res\bitmap2.bmp">
      <Filter>Resource Files</Filter>
    </None>
    <None Include="res\bmp00001.bmp">
      <Filter>Resource Files</Filter>
    </None>
    <None Include="res\bmp00002.bmp">
      <Filter>Resource Files</Filter>
    </None>
    <None Include="res\bmp00003.bmp">
      <Filter>Resource Files</Filter>
    </None>
    <None Include="res\bmp00004.bmp">
      <Filter>Resource Files</Filter>
    </None>
    <None Include="res\bmp00005.bmp">
      <Filter>Resource Files</Filter>
    </None>
    <None Include="res\bmp00006.bmp">
      <Filter>Resource Files</Filter>
    </None>
    <None Include="res\bmp00007.bmp">
      <Filter>Resource Files</Filter>
    </None>
    <None Include="res\bmp00008.bmp">
      <Filter>Resource Files</Filter>
    </None>
    <None Include="res\BOOKS05.ICO">
      <Filter>Resource Files</Filter>
    </None>
    <None Include="res\bmp\bundle_016.bmp">
      <Filter>Resource Files</Filter>
    </None>
    <None Include="res\bmp\bundle_048.bmp">
      <Filter>Resource Files</Filter>
    </None>
    <None Include="res\bmp\bundle_256.bmp">
      <Filter>Resource Files</Filter>
    </None>
    <None Include="res\Calendar_scheduleHS.ico">
      <Filter>Resource Files</Filter>
    </None>
    <None Include="res\CheckNottrans.ico">
      <Filter>Resource Files</Filter>
    </None>
    <None Include="res\Checktransacted.ico">
      <Filter>Resource Files</Filter>
    </None>
    <None Include="res\cursor1.cur">
      <Filter>Resource Files</Filter>
    </None>
    <None Include="res\Delete.ico">
      <Filter>Resource Files</Filter>
    </None>
    <None Include="res\DoubleLeftArrow.ico">
      <Filter>Resource Files</Filter>
    </None>
    <None Include="res\DoubleRightArrow.ico">
      <Filter>Resource Files</Filter>
    </None>
    <None Include="res\EXPLORER.ICO">
      <Filter>Resource Files</Filter>
    </None>
    <None Include="res\FLDRSHUT.bmp">
      <Filter>Resource Files</Filter>
    </None>
    <None Include="res\FOLDER01.ICO">
      <Filter>Resource Files</Filter>
    </None>
    <None Include="res\FOLDER02.ICO">
      <Filter>Resource Files</Filter>
    </None>
    <None Include="res\FOLDRS01.ICO">
      <Filter>Resource Files</Filter>
    </None>
    <None Include="res\FOLDRS02.ICO">
      <Filter>Resource Files</Filter>
    </None>
    <None Include="res\FORM.ICO">
      <Filter>Resource Files</Filter>
    </None>
    <None Include="res\good.ico">
      <Filter>Resource Files</Filter>
    </None>
    <None Include="res\ico00001.ico">
      <Filter>Resource Files</Filter>
    </None>
    <None Include="res\ico00002.ico">
      <Filter>Resource Files</Filter>
    </None>
    <None Include="res\ico00003.ico">
      <Filter>Resource Files</Filter>
    </None>
    <None Include="res\ico00004.ico">
      <Filter>Resource Files</Filter>
    </None>
    <None Include="res\ico00005.ico">
      <Filter>Resource Files</Filter>
    </None>
    <None Include="res\ico00006.ico">
      <Filter>Resource Files</Filter>
    </None>
    <None Include="res\ico00007.ico">
      <Filter>Resource Files</Filter>
    </None>
    <None Include="res\ico00008.ico">
      <Filter>Resource Files</Filter>
    </None>
    <None Include="res\ico00009.ico">
      <Filter>Resource Files</Filter>
    </None>
    <None Include="res\ico00010.ico">
      <Filter>Resource Files</Filter>
    </None>
    <None Include="res\ico00011.ico">
      <Filter>Resource Files</Filter>
    </None>
    <None Include="res\ico00012.ico">
      <Filter>Resource Files</Filter>
    </None>
    <None Include="res\ico00013.ico">
      <Filter>Resource Files</Filter>
    </None>
    <None Include="res\ico00014.ico">
      <Filter>Resource Files</Filter>
    </None>
    <None Include="res\ico00015.ico">
      <Filter>Resource Files</Filter>
    </None>
    <None Include="res\ico00016.ico">
      <Filter>Resource Files</Filter>
    </None>
    <None Include="res\ico00017.ico">
      <Filter>Resource Files</Filter>
    </None>
    <None Include="res\ico00018.ico">
      <Filter>Resource Files</Filter>
    </None>
    <None Include="res\ico00019.ico">
      <Filter>Resource Files</Filter>
    </None>
    <None Include="res\icon1.ico">
      <Filter>Resource Files</Filter>
    </None>
    <None Include="res\icon2.ico">
      <Filter>Resource Files</Filter>
    </None>
    <None Include="res\idr_find.ico">
      <Filter>Resource Files</Filter>
    </None>
    <None Include="mdi.ico">
      <Filter>Resource Files</Filter>
    </None>
    <None Include="res\MSGBOX02.ICO">
      <Filter>Resource Files</Filter>
    </None>
    <None Include="res\MSGBOX04.ICO">
      <Filter>Resource Files</Filter>
    </None>
    <None Include="res\OK.ico">
      <Filter>Resource Files</Filter>
    </None>
    <None Include="res\REFBAR.ICO">
      <Filter>Resource Files</Filter>
    </None>
    <None Include="res\RightArrow.ico">
      <Filter>Resource Files</Filter>
    </None>
    <None Include="res\ROCKET.ICO">
      <Filter>Resource Files</Filter>
    </None>
    <None Include="res\selectdoc.ico">
      <Filter>Resource Files</Filter>
    </None>
    <None Include="res\selectdoc1.ico">
      <Filter>Resource Files</Filter>
    </None>
    <None Include="res\selgood.ico">
      <Filter>Resource Files</Filter>
    </None>
    <None Include="res\SHIPPING.BMP">
      <Filter>Resource Files</Filter>
    </None>
    <None Include="res\SPLASH.bmp">
      <Filter>Resource Files</Filter>
    </None>
    <None Include="res\Symbol-Delete.ico">
      <Filter>Resource Files</Filter>
    </None>
    <None Include="res\Toolbar.bmp">
      <Filter>Resource Files</Filter>
    </None>
    <None Include="res\toolbar1.bmp">
      <Filter>Resource Files</Filter>
    </None>
    <None Include="res\UserThreads.ico">
      <Filter>Resource Files</Filter>
    </None>
    <None Include="res\UserThreads.rc2">
      <Filter>Resource Files</Filter>
    </None>
    <None Include="UserThreads.rgs">
      <Filter>Resource Files</Filter>
    </None>
    <None Include="res\UserThreadsDoc.ico">
      <Filter>Resource Files</Filter>
    </None>
    <None Include="res\FILEDEL_16.AVI" />
    <None Include="Plans" />
    <None Include="ReadMe.txt" />
    <None Include="res\bmp00009.bmp">
      <Filter>Resource Files</Filter>
    </None>
    <None Include="res\bitmap4.bmp">
      <Filter>Resource Files</Filter>
    </None>
    <None Include="res\bitmap5.bmp">
      <Filter>Resource Files</Filter>
    </None>
    <None Include="res\toolbar2.bmp">
      <Filter>Resource Files</Filter>
    </None>
  </ItemGroup>
</Project>